
Microsoft Visual Studio Solution File, Format Version 12.00
# Visual Studio 15
VisualStudioVersion = 15.0.26124.0
MinimumVisualStudioVersion = 15.0.26124.0
Project("{FAE04EC0-301F-11D3-BF4B-00C04F79EFBC}") = "Cake-Console", "Cake-Console\Cake-Console.csproj", "{A8B4DC8D-B165-4CBA-B100-3CE011ED517E}"
EndProject
Project("{FAE04EC0-301F-11D3-BF4B-00C04F79EFBC}") = "Cake-Tests", "Cake-Tests\Cake-Tests.csproj", "{E4E41F53-4696-4209-A04D-1BC62C5D16C3}"
EndProject
Global
	GlobalSection(SolutionConfigurationPlatforms) = preSolution
		Debug|Any CPU = Debug|Any CPU
		Debug|x64 = Debug|x64
		Debug|x86 = Debug|x86
		Release|Any CPU = Release|Any CPU
		Release|x64 = Release|x64
		Release|x86 = Release|x86
	EndGlobalSection
	GlobalSection(SolutionProperties) = preSolution
		HideSolutionNode = FALSE
	EndGlobalSection
	GlobalSection(ProjectConfigurationPlatforms) = postSolution
		{A8B4DC8D-B165-4CBA-B100-3CE011ED517E}.Debug|Any CPU.ActiveCfg = Debug|Any CPU
		{A8B4DC8D-B165-4CBA-B100-3CE011ED517E}.Debug|Any CPU.Build.0 = Debug|Any CPU
		{A8B4DC8D-B165-4CBA-B100-3CE011ED517E}.Debug|x64.ActiveCfg = Debug|Any CPU
		{A8B4DC8D-B165-4CBA-B100-3CE011ED517E}.Debug|x64.Build.0 = Debug|Any CPU
		{A8B4DC8D-B165-4CBA-B100-3CE011ED517E}.Debug|x86.ActiveCfg = Debug|Any CPU
		{A8B4DC8D-B165-4CBA-B100-3CE011ED517E}.Debug|x86.Build.0 = Debug|Any CPU
		{A8B4DC8D-B165-4CBA-B100-3CE011ED517E}.Release|Any CPU.ActiveCfg = Release|Any CPU
		{A8B4DC8D-B165-4CBA-B100-3CE011ED517E}.Release|Any CPU.Build.0 = Release|Any CPU
		{A8B4DC8D-B165-4CBA-B100-3CE011ED517E}.Release|x64.ActiveCfg = Release|Any CPU
		{A8B4DC8D-B165-4CBA-B100-3CE011ED517E}.Release|x64.Build.0 = Release|Any CPU
		{A8B4DC8D-B165-4CBA-B100-3CE011ED517E}.Release|x86.ActiveCfg = Release|Any CPU
		{A8B4DC8D-B165-4CBA-B100-3CE011ED517E}.Release|x86.Build.0 = Release|Any CPU
		{E4E41F53-4696-4209-A04D-1BC62C5D16C3}.Debug|Any CPU.ActiveCfg = Debug|Any CPU
		{E4E41F53-4696-4209-A04D-1BC62C5D16C3}.Debug|Any CPU.Build.0 = Debug|Any CPU
		{E4E41F53-4696-4209-A04D-1BC62C5D16C3}.Debug|x64.ActiveCfg = Debug|Any CPU
		{E4E41F53-4696-4209-A04D-1BC62C5D16C3}.Debug|x64.Build.0 = Debug|Any CPU
		{E4E41F53-4696-4209-A04D-1BC62C5D16C3}.Debug|x86.ActiveCfg = Debug|Any CPU
		{E4E41F53-4696-4209-A04D-1BC62C5D16C3}.Debug|x86.Build.0 = Debug|Any CPU
		{E4E41F53-4696-4209-A04D-1BC62C5D16C3}.Release|Any CPU.ActiveCfg = Release|Any CPU
		{E4E41F53-4696-4209-A04D-1BC62C5D16C3}.Release|Any CPU.Build.0 = Release|Any CPU
		{E4E41F53-4696-4209-A04D-1BC62C5D16C3}.Release|x64.ActiveCfg = Release|Any CPU
		{E4E41F53-4696-4209-A04D-1BC62C5D16C3}.Release|x64.Build.0 = Release|Any CPU
		{E4E41F53-4696-4209-A04D-1BC62C5D16C3}.Release|x86.ActiveCfg = Release|Any CPU
		{E4E41F53-4696-4209-A04D-1BC62C5D16C3}.Release|x86.Build.0 = Release|Any CPU
	EndGlobalSection
EndGlobal
